# This file is automatically @generated by Cargo.
# It is not intended for manual editing.
version = 3

[[package]]
name = "atividade"
version = "0.1.0"
dependencies = [
 "restaurant",
]

[[package]]
name = "restaurant"
version = "0.1.0"
source = "git+https://github.com/Joao-Lucas-de-Oliveira-Lima/reuso-atividade-1-parte-1.git#f7f7d43d5304830d5fc4cb526edad215e602bc6c"
